// !$*UTF8*$!
{
	archiveVersion = 1;
	classes = {
	};
	objectVersion = 46;
	objects = {

/* Begin PBXBuildFile section */
		CDEB7AF71E717532006A660E /* main.m in Sources */ = {isa = PBXBuildFile; fileRef = CDEB7AF61E717532006A660E /* main.m */; };
		CDEB7AFA1E717532006A660E /* AppDelegate.m in Sources */ = {isa = PBXBuildFile; fileRef = CDEB7AF91E717532006A660E /* AppDelegate.m */; };
		CDEB7AFD1E717532006A660E /* ViewController.m in Sources */ = {isa = PBXBuildFile; fileRef = CDEB7AFC1E717532006A660E /* ViewController.m */; };
		CDEB7B001E717532006A660E /* Main.storyboard in Resources */ = {isa = PBXBuildFile; fileRef = CDEB7AFE1E717532006A660E /* Main.storyboard */; };
		CDEB7B021E717532006A660E /* Assets.xcassets in Resources */ = {isa = PBXBuildFile; fileRef = CDEB7B011E717532006A660E /* Assets.xcassets */; };
		CDEB7B051E717532006A660E /* LaunchScreen.storyboard in Resources */ = {isa = PBXBuildFile; fileRef = CDEB7B031E717532006A660E /* LaunchScreen.storyboard */; };
/* End PBXBuildFile section */

/* Begin PBXFileReference section */
		CDEB7AF21E717532006A660E /* XML解析(GData方式).app */ = {isa = PBXFileReference; explicitFileType = wrapper.application; includeInIndex = 0; path = "XML解析(GData方式).app"; sourceTree = BUILT_PRODUCTS_DIR; };
		CDEB7AF61E717532006A660E /* main.m */ = {isa = PBXFileReference; lastKnownFileType = sourcecode.c.objc; path = main.m; sourceTree = "<group>"; };
		CDEB7AF81E717532006A660E /* AppDelegate.h */ = {isa = PBXFileReference; lastKnownFileType = sourcecode.c.h; path = AppDelegate.h; sourceTree = "<group>"; };
		CDEB7AF91E717532006A660E /* AppDelegate.m */ = {isa = PBXFileReference; lastKnownFileType = sourcecode.c.objc; path = AppDelegate.m; sourceTree = "<group>"; };
		CDEB7AFB1E717532006A660E /* ViewController.h */ = {isa = PBXFileReference; lastKnownFileType = sourcecode.c.h; path = ViewController.h; sourceTree = "<group>"; };
		CDEB7AFC1E717532006A660E /* ViewController.m */ = {isa = PBXFileReference; lastKnownFileType = sourcecode.c.objc; path = ViewController.m; sourceTree = "<group>"; };
		CDEB7AFF1E717532006A660E /* Base */ = {isa = PBXFileReference; lastKnownFileType = file.storyboard; name = Base; path = Base.lproj/Main.storyboard; sourceTree = "<group>"; };
		CDEB7B011E717532006A660E /* Assets.xcassets */ = {isa = PBXFileReference; lastKnownFileType = folder.assetcatalog; path = Assets.xcassets; sourceTree = "<group>"; };
		CDEB7B041E717532006A660E /* Base */ = {isa = PBXFileReference; lastKnownFileType = file.storyboard; name = Base; path = Base.lproj/LaunchScreen.storyboard; sourceTree = "<group>"; };
		CDEB7B061E717532006A660E /* Info.plist */ = {isa = PBXFileReference; lastKnownFileType = text.plist.xml; path = Info.plist; sourceTree = "<group>"; };
/* End PBXFileReference section */

/* Begin PBXFrameworksBuildPhase section */
		CDEB7AEF1E717532006A660E /* Frameworks */ = {
			isa = PBXFrameworksBuildPhase;
			buildActionMask = 2147483647;
			files = (
			);
			runOnlyForDeploymentPostprocessing = 0;
		};
/* End PBXFrameworksBuildPhase section */

/* Begin PBXGroup section */
		CDEB7AE91E717532006A660E = {
			isa = PBXGroup;
			children = (
				CDEB7AF41E717532006A660E /* XML解析(GData方式) */,
				CDEB7AF31E717532006A660E /* Products */,
			);
			sourceTree = "<group>";
		};
		CDEB7AF31E717532006A660E /* Products */ = {
			isa = PBXGroup;
			children = (
				CDEB7AF21E717532006A660E /* XML解析(GData方式).app */,
			);
			name = Products;
			sourceTree = "<group>";
		};
		CDEB7AF41E717532006A660E /* XML解析(GData方式) */ = {
			isa = PBXGroup;
			children = (
				CDEB7AF81E717532006A660E /* AppDelegate.h */,
				CDEB7AF91E717532006A660E /* AppDelegate.m */,
				CDEB7AFB1E717532006A660E /* ViewController.h */,
				CDEB7AFC1E717532006A660E /* ViewController.m */,
				CDEB7AFE1E717532006A660E /* Main.storyboard */,
				CDEB7B011E717532006A660E /* Assets.xcassets */,
				CDEB7B031E717532006A660E /* LaunchScreen.storyboard */,
				CDEB7B061E717532006A660E /* Info.plist */,
				CDEB7AF51E717532006A660E /* Supporting Files */,
			);
			path = "XML解析(GData方式)";
			sourceTree = "<group>";
		};
		CDEB7AF51E717532006A660E /* Supporting Files */ = {
			isa = PBXGroup;
			children = (
				CDEB7AF61E717532006A660E /* main.m */,
			);
			name = "Supporting Files";
			sourceTree = "<group>";
		};
/* End PBXGroup section */

/* Begin PBXNativeTarget section */
		CDEB7AF11E717532006A660E /* XML解析(GData方式) */ = {
			isa = PBXNativeTarget;
			buildConfigurationList = CDEB7B091E717532006A660E /* Build configuration list for PBXNativeTarget "XML解析(GData方式)" */;
			buildPhases = (
				CDEB7AEE1E717532006A660E /* Sources */,
				CDEB7AEF1E717532006A660E /* Frameworks */,
				CDEB7AF01E717532006A660E /* Resources */,
			);
			buildRules = (
			);
			dependencies = (
			);
			name = "XML解析(GData方式)";
			productName = "XML解析(GData方式)";
			productReference = CDEB7AF21E717532006A660E /* XML解析(GData方式).app */;
			productType = "com.apple.product-type.application";
		};
/* End PBXNativeTarget section */

/* Begin PBXProject section */
		CDEB7AEA1E717532006A660E /* Project object */ = {
			isa = PBXProject;
			attributes = {
				LastUpgradeCheck = 0820;
				ORGANIZATIONNAME = LockLight;
				TargetAttributes = {
					CDEB7AF11E717532006A660E = {
						CreatedOnToolsVersion = 8.2.1;
						DevelopmentTeam = BV8SCCJTGN;
						ProvisioningStyle = Automatic;
					};
				};
			};
			buildConfigurationList = CDEB7AED1E717532006A660E /* Build configuration list for PBXProject "XML解析(GData方式)" */;
			compatibilityVersion = "Xcode 3.2";
			developmentRegion = English;
			hasScannedForEncodings = 0;
			knownRegions = (
				en,
				Base,
			);
			mainGroup = CDEB7AE91E717532006A660E;
			productRefGroup = CDEB7AF31E717532006A660E /* Products */;
			projectDirPath = "";
			projectRoot = "";
			targets = (
				CDEB7AF11E717532006A660E /* XML解析(GData方式) */,
			);
		};
/* End PBXProject section */

/* Begin PBXResourcesBuildPhase section */
		CDEB7AF01E717532006A660E /* Resources */ = {
			isa = PBXResourcesBuildPhase;
			buildActionMask = 2147483647;
			files = (
				CDEB7B051E717532006A660E /* LaunchScreen.storyboard in Resources */,
				CDEB7B021E717532006A660E /* Assets.xcassets in Resources */,
				CDEB7B001E717532006A660E /* Main.storyboard in Resources */,
			);
			runOnlyForDeploymentPostprocessing = 0;
		};
/* End PBXResourcesBuildPhase section */

/* Begin PBXSourcesBuildPhase section */
		CDEB7AEE1E717532006A660E /* Sources */ = {
			isa = PBXSourcesBuildPhase;
			buildActionMask = 2147483647;
			files = (
				CDEB7AFD1E717532006A660E /* ViewController.m in Sources */,
				CDEB7AFA1E717532006A660E /* AppDelegate.m in Sources */,
				CDEB7AF71E717532006A660E /* main.m in Sources */,
			);
			runOnlyForDeploymentPostprocessing = 0;
		};
/* End PBXSourcesBuildPhase section */

/* Begin PBXVariantGroup section */
		CDEB7AFE1E717532006A660E /* Main.storyboard */ = {
			isa = PBXVariantGroup;
			children = (
				CDEB7AFF1E717532006A660E /* Base */,
			);
			name = Main.storyboard;
			sourceTree = "<group>";
		};
		CDEB7B031E717532006A660E /* LaunchScreen.storyboard */ = {
			isa = PBXVariantGroup;
			children = (
				CDEB7B041E717532006A660E /* Base */,
			);
			name = LaunchScreen.storyboard;
			sourceTree = "<group>";
		};
/* End PBXVariantGroup section */

/* Begin XCBuildConfiguration section */
		CDEB7B071E717532006A660E /* Debug */ = {
			isa = XCBuildConfiguration;
			buildSettings = {
				ALWAYS_SEARCH_USER_PATHS = NO;
				CLANG_ANALYZER_NONNULL = YES;
				CLANG_CXX_LANGUAGE_STANDARD = "gnu++0x";
				CLANG_CXX_LIBRARY = "libc++";
				CLANG_ENABLE_MODULES = YES;
				CLANG_ENABLE_OBJC_ARC = YES;
				CLANG_WARN_BOOL_CONVERSION = YES;
				CLANG_WARN_CONSTANT_CONVERSION = YES;
				CLANG_WARN_DIRECT_OBJC_ISA_USAGE = YES_ERROR;
				CLANG_WARN_DOCUMENTATION_COMMENTS = YES;
				CLANG_WARN_EMPTY_BODY = YES;
				CLANG_WARN_ENUM_CONVERSION = YES;
				CLANG_WARN_INFINITE_RECURSION = YES;
				CLANG_WARN_INT_CONVERSION = YES;
				CLANG_WARN_OBJC_ROOT_CLASS = YES_ERROR;
				CLANG_WARN_SUSPICIOUS_MOVE = YES;
				CLANG_WARN_UNREACHABLE_CODE = YES;
				CLANG_WARN__DUPLICATE_METHOD_MATCH = YES;
				"CODE_SIGN_IDENTITY[sdk=iphoneos*]" = "iPhone Developer";
				COPY_PHASE_STRIP = NO;
				DEBUG_INFORMATION_FORMAT = dwarf;
				ENABLE_STRICT_OBJC_MSGSEND = YES;
				ENABLE_TESTABILITY = YES;
				GCC_C_LANGUAGE_STANDARD = gnu99;
				GCC_DYNAMIC_NO_PIC = NO;
				GCC_NO_COMMON_BLOCKS = YES;
				GCC_OPTIMIZATION_LEVEL = 0;
				GCC_PREPROCESSOR_DEFINITIONS = (
					"DEBUG=1",
					"$(inherited)",
				);
				GCC_WARN_64_TO_32_BIT_CONVERSION = YES;
				GCC_WARN_ABOUT_RETURN_TYPE = YES_ERROR;
				GCC_WARN_UNDECLARED_SELECTOR = YES;
				GCC_WARN_UNINITIALIZED_AUTOS = YES_AGGRESSIVE;
				GCC_WARN_UNUSED_FUNCTION = YES;
				GCC_WARN_UNUSED_VARIABLE = YES;
				IPHONEOS_DEPLOYMENT_TARGET = 10.2;
				MTL_ENABLE_DEBUG_INFO = YES;
				ONLY_ACTIVE_ARCH = YES;
				SDKROOT = iphoneos;
			};
			name = Debug;
		};
		CDEB7B081E717532006A660E /* Release */ = {
			isa = XCBuildConfiguration;
			buildSettings = {
				ALWAYS_SEARCH_USER_PATHS = NO;
				CLANG_ANALYZER_NONNULL = YES;
				CLANG_CXX_LANGUAGE_STANDARD = "gnu++0x";
				CLANG_CXX_LIBRARY = "libc++";
				CLANG_ENABLE_MODULES = YES;
				CLANG_ENABLE_OBJC_ARC = YES;
				CLANG_WARN_BOOL_CONVERSION = YES;
				CLANG_WARN_CONSTANT_CONVERSION = YES;
				CLANG_WARN_DIRECT_OBJC_ISA_USAGE = YES_ERROR;
				CLANG_WARN_DOCUMENTATION_COMMENTS = YES;
				CLANG_WARN_EMPTY_BODY = YES;
				CLANG_WARN_ENUM_CONVERSION = YES;
				CLANG_WARN_INFINITE_RECURSION = YES;
				CLANG_WARN_INT_CONVERSION = YES;
				CLANG_WARN_OBJC_ROOT_CLASS = YES_ERROR;
				CLANG_WARN_SUSPICIOUS_MOVE = YES;
				CLANG_WARN_UNREACHABLE_CODE = YES;
				CLANG_WARN__DUPLICATE_METHOD_MATCH = YES;
				"CODE_SIGN_IDENTITY[sdk=iphoneos*]" = "iPhone Developer";
				COPY_PHASE_STRIP = NO;
				DEBUG_INFORMATION_FORMAT = "dwarf-with-dsym";
				ENABLE_NS_ASSERTIONS = NO;
				ENABLE_STRICT_OBJC_MSGSEND = YES;
				GCC_C_LANGUAGE_STANDARD = gnu99;
				GCC_NO_COMMON_BLOCKS = YES;
				GCC_WARN_64_TO_32_BIT_CONVERSION = YES;
				GCC_WARN_ABOUT_RETURN_TYPE = YES_ERROR;
				GCC_WARN_UNDECLARED_SELECTOR = YES;
				GCC_WARN_UNINITIALIZED_AUTOS = YES_AGGRESSIVE;
				GCC_WARN_UNUSED_FUNCTION = YES;
				GCC_WARN_UNUSED_VARIABLE = YES;
				IPHONEOS_DEPLOYMENT_TARGET = 10.2;
				MTL_ENABLE_DEBUG_INFO = NO;
				SDKROOT = iphoneos;
				VALIDATE_PRODUCT = YES;
			};
			name = Release;
		};
		CDEB7B0A1E717532006A660E /* Debug */ = {
			isa = XCBuildConfiguration;
			buildSettings = {
				ASSETCATALOG_COMPILER_APPICON_NAME = AppIcon;
				DEVELOPMENT_TEAM = BV8SCCJTGN;
				INFOPLIST_FILE = "XML解析(GData方式)/Info.plist";
				LD_RUNPATH_SEARCH_PATHS = "$(inherited) @executable_path/Frameworks";
				PRODUCT_BUNDLE_IDENTIFIER = "com.LockLightz-gmail.com.XML---GData---";
				PRODUCT_NAME = "$(TARGET_NAME)";
			};
			name = Debug;
		};
		CDEB7B0B1E717532006A660E /* Release */ = {
			isa = XCBuildConfiguration;
			buildSettings = {
				ASSETCATALOG_COMPILER_APPICON_NAME = AppIcon;
				DEVELOPMENT_TEAM = BV8SCCJTGN;
				INFOPLIST_FILE = "XML解析(GData方式)/Info.plist";
				LD_RUNPATH_SEARCH_PATHS = "$(inherited) @executable_path/Frameworks";
				PRODUCT_BUNDLE_IDENTIFIER = "com.LockLightz-gmail.com.XML---GData---";
				PRODUCT_NAME = "$(TARGET_NAME)";
			};
			name = Release;
		};
/* End XCBuildConfiguration section */

/* Begin XCConfigurationList section */
		CDEB7AED1E717532006A660E /* Build configuration list for PBXProject "XML解析(GData方式)" */ = {
			isa = XCConfigurationList;
			buildConfigurations = (
				CDEB7B071E717532006A660E /* Debug */,
				CDEB7B081E717532006A660E /* Release */,
			);
			defaultConfigurationIsVisible = 0;
			defaultConfigurationName = Release;
		};
		CDEB7B091E717532006A660E /* Build configuration list for PBXNativeTarget "XML解析(GData方式)" */ = {
			isa = XCConfigurationList;
			buildConfigurations = (
				CDEB7B0A1E717532006A660E /* Debug */,
				CDEB7B0B1E717532006A660E /* Release */,
			);
			defaultConfigurationIsVisible = 0;
		};
/* End XCConfigurationList section */
	};
	rootObject = CDEB7AEA1E717532006A660E /* Project object */;
}
